{
  "nodes": {
    "esp-r-src": {
      "flake": false,
      "locked": {
        "narHash": "sha256-rSqieg6AeNRbdoRB1XJYi3obN+wtWKaisJWVh51LaBc=",
        "type": "tarball",
        "url": "https://www.esru.strath.ac.uk/Downloads/esp-r/ESP-r_V13.3.14_Src.tar.gz"
      },
      "original": {
        "type": "tarball",
        "url": "https://www.esru.strath.ac.uk/Downloads/esp-r/ESP-r_V13.3.14_Src.tar.gz"
      }
    },
    "nixpkgs": {
      "locked": {
        "lastModified": 1656265786,
        "narHash": "sha256-A9RkoGrxzsmMm0vily18p92Rasb+MbdDMaSnzmywXKw=",
        "owner": "nixos",
        "repo": "nixpkgs",
        "rev": "cd90e773eae83ba7733d2377b6cdf84d45558780",
        "type": "github"
      },
      "original": {
        "owner": "nixos",
        "ref": "nixos-22.05",
        "repo": "nixpkgs",
        "type": "github"
      }
    },
    "rad5r-src": {
      "flake": false,
      "locked": {
        "lastModified": 1535820159,
        "narHash": "sha256-3B8sTrE9SEuBPjhbepZN8NwK9PFnOgTMdB+x++sEqTc=",
        "owner": "NREL",
        "repo": "Radiance",
        "rev": "a46558bb5f7ee140f732522bf10a578ebcc6d4cd",
        "type": "github"
      },
      "original": {
        "owner": "NREL",
        "ref": "5.2.2",
        "repo": "Radiance",
        "type": "github"
      }
    },
    "root": {
      "inputs": {
        "esp-r-src": "esp-r-src",
        "nixpkgs": "nixpkgs",
        "rad5r-src": "rad5r-src"
      }
    }
  },
  "root": "root",
  "version": 7
}
