{
  "nodes": {
    "esp-r-src": {
      "flake": false,
      "locked": {
        "narHash": "sha256-rSqieg6AeNRbdoRB1XJYi3obN+wtWKaisJWVh51LaBc=",
        "type": "tarball",
        "url": "https://github.com/matthewcroughan/esp-r-nix/releases/download/v13.3.14/ESP-r_V13.3.14_Src-repacked.tar.zst"
      },
      "original": {
        "type": "tarball",
        "url": "https://github.com/matthewcroughan/esp-r-nix/releases/download/v13.3.14/ESP-r_V13.3.14_Src-repacked.tar.zst"
      }
    },
    "nixpkgs": {
      "locked": {
        "lastModified": 1656265786,
        "narHash": "sha256-A9RkoGrxzsmMm0vily18p92Rasb+MbdDMaSnzmywXKw=",
        "owner": "nixos",
        "repo": "nixpkgs",
        "rev": "cd90e773eae83ba7733d2377b6cdf84d45558780",
        "type": "github"
      },
      "original": {
        "owner": "nixos",
        "ref": "nixos-22.05",
        "repo": "nixpkgs",
        "type": "github"
      }
    },
    "rad5r-missingFiles": {
      "flake": false,
      "locked": {
        "narHash": "sha256-TI44uriIuQG0VZ0DJpt7CqEMUo+k3YKWdJRDqJASTIU=",
        "type": "tarball",
        "url": "https://floyd.lbl.gov/radiance/dist/rad5R2supp.tar.gz"
      },
      "original": {
        "type": "tarball",
        "url": "https://floyd.lbl.gov/radiance/dist/rad5R2supp.tar.gz"
      }
    },
    "rad5r-src": {
      "flake": false,
      "locked": {
        "lastModified": 1639788236,
        "narHash": "sha256-1mQe0Tvglm3MkRdLKAG/ocff71NCPDJEDq4T6qO4o1M=",
        "owner": "NREL",
        "repo": "Radiance",
        "rev": "2fcca99ace2f2435f32a09525ad31f2b3be3c1bc",
        "type": "github"
      },
      "original": {
        "owner": "NREL",
        "repo": "Radiance",
        "rev": "2fcca99ace2f2435f32a09525ad31f2b3be3c1bc",
        "type": "github"
      }
    },
    "root": {
      "inputs": {
        "esp-r-src": "esp-r-src",
        "nixpkgs": "nixpkgs",
        "rad5r-missingFiles": "rad5r-missingFiles",
        "rad5r-src": "rad5r-src"
      }
    }
  },
  "root": "root",
  "version": 7
}
